// !$*UTF8*$!
{
	archiveVersion = 1;
	classes = {
	};
	objectVersion = 46;
	objects = {

/* Begin PBXBuildFile section */
		5E29422A195092FB003554FC /* Foundation.framework in Frameworks */ = {isa = PBXBuildFile; fileRef = 5E294229195092FB003554FC /* Foundation.framework */; };
		5E29422C195092FB003554FC /* CoreGraphics.framework in Frameworks */ = {isa = PBXBuildFile; fileRef = 5E29422B195092FB003554FC /* CoreGraphics.framework */; };
		5E29422E195092FB003554FC /* UIKit.framework in Frameworks */ = {isa = PBXBuildFile; fileRef = 5E29422D195092FB003554FC /* UIKit.framework */; };
		5E294234195092FB003554FC /* InfoPlist.strings in Resources */ = {isa = PBXBuildFile; fileRef = 5E294232195092FB003554FC /* InfoPlist.strings */; };
		5E294236195092FB003554FC /* main.m in Sources */ = {isa = PBXBuildFile; fileRef = 5E294235195092FB003554FC /* main.m */; };
		5E29423A195092FB003554FC /* SNSAppDelegate.m in Sources */ = {isa = PBXBuildFile; fileRef = 5E294239195092FB003554FC /* SNSAppDelegate.m */; };
		5E29423C195092FB003554FC /* Images.xcassets in Resources */ = {isa = PBXBuildFile; fileRef = 5E29423B195092FB003554FC /* Images.xcassets */; };
		5E294243195092FB003554FC /* XCTest.framework in Frameworks */ = {isa = PBXBuildFile; fileRef = 5E294242195092FB003554FC /* XCTest.framework */; };
		5E294244195092FB003554FC /* Foundation.framework in Frameworks */ = {isa = PBXBuildFile; fileRef = 5E294229195092FB003554FC /* Foundation.framework */; };
		5E294245195092FB003554FC /* UIKit.framework in Frameworks */ = {isa = PBXBuildFile; fileRef = 5E29422D195092FB003554FC /* UIKit.framework */; };
		5E29424D195092FB003554FC /* InfoPlist.strings in Resources */ = {isa = PBXBuildFile; fileRef = 5E29424B195092FB003554FC /* InfoPlist.strings */; };
		5E29424F195092FB003554FC /* SNSharerTests.m in Sources */ = {isa = PBXBuildFile; fileRef = 5E29424E195092FB003554FC /* SNSharerTests.m */; };
/* End PBXBuildFile section */

/* Begin PBXContainerItemProxy section */
		5E294246195092FB003554FC /* PBXContainerItemProxy */ = {
			isa = PBXContainerItemProxy;
			containerPortal = 5E29421E195092FB003554FC /* Project object */;
			proxyType = 1;
			remoteGlobalIDString = 5E294225195092FB003554FC;
			remoteInfo = SNSharer;
		};
/* End PBXContainerItemProxy section */

/* Begin PBXFileReference section */
		5E294226195092FB003554FC /* SNSharer.app */ = {isa = PBXFileReference; explicitFileType = wrapper.application; includeInIndex = 0; path = SNSharer.app; sourceTree = BUILT_PRODUCTS_DIR; };
		5E294229195092FB003554FC /* Foundation.framework */ = {isa = PBXFileReference; lastKnownFileType = wrapper.framework; name = Foundation.framework; path = System/Library/Frameworks/Foundation.framework; sourceTree = SDKROOT; };
		5E29422B195092FB003554FC /* CoreGraphics.framework */ = {isa = PBXFileReference; lastKnownFileType = wrapper.framework; name = CoreGraphics.framework; path = System/Library/Frameworks/CoreGraphics.framework; sourceTree = SDKROOT; };
		5E29422D195092FB003554FC /* UIKit.framework */ = {isa = PBXFileReference; lastKnownFileType = wrapper.framework; name = UIKit.framework; path = System/Library/Frameworks/UIKit.framework; sourceTree = SDKROOT; };
		5E294231195092FB003554FC /* SNSharer-Info.plist */ = {isa = PBXFileReference; lastKnownFileType = text.plist.xml; path = "SNSharer-Info.plist"; sourceTree = "<group>"; };
		5E294233195092FB003554FC /* en */ = {isa = PBXFileReference; lastKnownFileType = text.plist.strings; name = en; path = en.lproj/InfoPlist.strings; sourceTree = "<group>"; };
		5E294235195092FB003554FC /* main.m */ = {isa = PBXFileReference; lastKnownFileType = sourcecode.c.objc; path = main.m; sourceTree = "<group>"; };
		5E294237195092FB003554FC /* SNSharer-Prefix.pch */ = {isa = PBXFileReference; lastKnownFileType = sourcecode.c.h; path = "SNSharer-Prefix.pch"; sourceTree = "<group>"; };
		5E294238195092FB003554FC /* SNSAppDelegate.h */ = {isa = PBXFileReference; lastKnownFileType = sourcecode.c.h; path = SNSAppDelegate.h; sourceTree = "<group>"; };
		5E294239195092FB003554FC /* SNSAppDelegate.m */ = {isa = PBXFileReference; lastKnownFileType = sourcecode.c.objc; path = SNSAppDelegate.m; sourceTree = "<group>"; };
		5E29423B195092FB003554FC /* Images.xcassets */ = {isa = PBXFileReference; lastKnownFileType = folder.assetcatalog; path = Images.xcassets; sourceTree = "<group>"; };
		5E294241195092FB003554FC /* SNSharerTests.xctest */ = {isa = PBXFileReference; explicitFileType = wrapper.cfbundle; includeInIndex = 0; path = SNSharerTests.xctest; sourceTree = BUILT_PRODUCTS_DIR; };
		5E294242195092FB003554FC /* XCTest.framework */ = {isa = PBXFileReference; lastKnownFileType = wrapper.framework; name = XCTest.framework; path = Library/Frameworks/XCTest.framework; sourceTree = DEVELOPER_DIR; };
		5E29424A195092FB003554FC /* SNSharerTests-Info.plist */ = {isa = PBXFileReference; lastKnownFileType = text.plist.xml; path = "SNSharerTests-Info.plist"; sourceTree = "<group>"; };
		5E29424C195092FB003554FC /* en */ = {isa = PBXFileReference; lastKnownFileType = text.plist.strings; name = en; path = en.lproj/InfoPlist.strings; sourceTree = "<group>"; };
		5E29424E195092FB003554FC /* SNSharerTests.m */ = {isa = PBXFileReference; lastKnownFileType = sourcecode.c.objc; path = SNSharerTests.m; sourceTree = "<group>"; };
/* End PBXFileReference section */

/* Begin PBXFrameworksBuildPhase section */
		5E294223195092FB003554FC /* Frameworks */ = {
			isa = PBXFrameworksBuildPhase;
			buildActionMask = 2147483647;
			files = (
				5E29422C195092FB003554FC /* CoreGraphics.framework in Frameworks */,
				5E29422E195092FB003554FC /* UIKit.framework in Frameworks */,
				5E29422A195092FB003554FC /* Foundation.framework in Frameworks */,
			);
			runOnlyForDeploymentPostprocessing = 0;
		};
		5E29423E195092FB003554FC /* Frameworks */ = {
			isa = PBXFrameworksBuildPhase;
			buildActionMask = 2147483647;
			files = (
				5E294243195092FB003554FC /* XCTest.framework in Frameworks */,
				5E294245195092FB003554FC /* UIKit.framework in Frameworks */,
				5E294244195092FB003554FC /* Foundation.framework in Frameworks */,
			);
			runOnlyForDeploymentPostprocessing = 0;
		};
/* End PBXFrameworksBuildPhase section */

/* Begin PBXGroup section */
		5E29421D195092FB003554FC = {
			isa = PBXGroup;
			children = (
				5E29422F195092FB003554FC /* SNSharer */,
				5E294248195092FB003554FC /* SNSharerTests */,
				5E294228195092FB003554FC /* Frameworks */,
				5E294227195092FB003554FC /* Products */,
			);
			sourceTree = "<group>";
		};
		5E294227195092FB003554FC /* Products */ = {
			isa = PBXGroup;
			children = (
				5E294226195092FB003554FC /* SNSharer.app */,
				5E294241195092FB003554FC /* SNSharerTests.xctest */,
			);
			name = Products;
			sourceTree = "<group>";
		};
		5E294228195092FB003554FC /* Frameworks */ = {
			isa = PBXGroup;
			children = (
				5E294229195092FB003554FC /* Foundation.framework */,
				5E29422B195092FB003554FC /* CoreGraphics.framework */,
				5E29422D195092FB003554FC /* UIKit.framework */,
				5E294242195092FB003554FC /* XCTest.framework */,
			);
			name = Frameworks;
			sourceTree = "<group>";
		};
		5E29422F195092FB003554FC /* SNSharer */ = {
			isa = PBXGroup;
			children = (
				5E294238195092FB003554FC /* SNSAppDelegate.h */,
				5E294239195092FB003554FC /* SNSAppDelegate.m */,
				5E29423B195092FB003554FC /* Images.xcassets */,
				5E294230195092FB003554FC /* Supporting Files */,
			);
			path = SNSharer;
			sourceTree = "<group>";
		};
		5E294230195092FB003554FC /* Supporting Files */ = {
			isa = PBXGroup;
			children = (
				5E294231195092FB003554FC /* SNSharer-Info.plist */,
				5E294232195092FB003554FC /* InfoPlist.strings */,
				5E294235195092FB003554FC /* main.m */,
				5E294237195092FB003554FC /* SNSharer-Prefix.pch */,
			);
			name = "Supporting Files";
			sourceTree = "<group>";
		};
		5E294248195092FB003554FC /* SNSharerTests */ = {
			isa = PBXGroup;
			children = (
				5E29424E195092FB003554FC /* SNSharerTests.m */,
				5E294249195092FB003554FC /* Supporting Files */,
			);
			path = SNSharerTests;
			sourceTree = "<group>";
		};
		5E294249195092FB003554FC /* Supporting Files */ = {
			isa = PBXGroup;
			children = (
				5E29424A195092FB003554FC /* SNSharerTests-Info.plist */,
				5E29424B195092FB003554FC /* InfoPlist.strings */,
			);
			name = "Supporting Files";
			sourceTree = "<group>";
		};
/* End PBXGroup section */

/* Begin PBXNativeTarget section */
		5E294225195092FB003554FC /* SNSharer */ = {
			isa = PBXNativeTarget;
			buildConfigurationList = 5E294252195092FB003554FC /* Build configuration list for PBXNativeTarget "SNSharer" */;
			buildPhases = (
				5E294222195092FB003554FC /* Sources */,
				5E294223195092FB003554FC /* Frameworks */,
				5E294224195092FB003554FC /* Resources */,
			);
			buildRules = (
			);
			dependencies = (
			);
			name = SNSharer;
			productName = SNSharer;
			productReference = 5E294226195092FB003554FC /* SNSharer.app */;
			productType = "com.apple.product-type.application";
		};
		5E294240195092FB003554FC /* SNSharerTests */ = {
			isa = PBXNativeTarget;
			buildConfigurationList = 5E294255195092FB003554FC /* Build configuration list for PBXNativeTarget "SNSharerTests" */;
			buildPhases = (
				5E29423D195092FB003554FC /* Sources */,
				5E29423E195092FB003554FC /* Frameworks */,
				5E29423F195092FB003554FC /* Resources */,
			);
			buildRules = (
			);
			dependencies = (
				5E294247195092FB003554FC /* PBXTargetDependency */,
			);
			name = SNSharerTests;
			productName = SNSharerTests;
			productReference = 5E294241195092FB003554FC /* SNSharerTests.xctest */;
			productType = "com.apple.product-type.bundle.unit-test";
		};
/* End PBXNativeTarget section */

/* Begin PBXProject section */
		5E29421E195092FB003554FC /* Project object */ = {
			isa = PBXProject;
			attributes = {
				CLASSPREFIX = SNS;
				LastUpgradeCheck = 0510;
				ORGANIZATIONNAME = Rushad;
				TargetAttributes = {
					5E294240195092FB003554FC = {
						TestTargetID = 5E294225195092FB003554FC;
					};
				};
			};
			buildConfigurationList = 5E294221195092FB003554FC /* Build configuration list for PBXProject "SNSharer" */;
			compatibilityVersion = "Xcode 3.2";
			developmentRegion = English;
			hasScannedForEncodings = 0;
			knownRegions = (
				en,
			);
			mainGroup = 5E29421D195092FB003554FC;
			productRefGroup = 5E294227195092FB003554FC /* Products */;
			projectDirPath = "";
			projectRoot = "";
			targets = (
				5E294225195092FB003554FC /* SNSharer */,
				5E294240195092FB003554FC /* SNSharerTests */,
			);
		};
/* End PBXProject section */

/* Begin PBXResourcesBuildPhase section */
		5E294224195092FB003554FC /* Resources */ = {
			isa = PBXResourcesBuildPhase;
			buildActionMask = 2147483647;
			files = (
				5E294234195092FB003554FC /* InfoPlist.strings in Resources */,
				5E29423C195092FB003554FC /* Images.xcassets in Resources */,
			);
			runOnlyForDeploymentPostprocessing = 0;
		};
		5E29423F195092FB003554FC /* Resources */ = {
			isa = PBXResourcesBuildPhase;
			buildActionMask = 2147483647;
			files = (
				5E29424D195092FB003554FC /* InfoPlist.strings in Resources */,
			);
			runOnlyForDeploymentPostprocessing = 0;
		};
/* End PBXResourcesBuildPhase section */

/* Begin PBXSourcesBuildPhase section */
		5E294222195092FB003554FC /* Sources */ = {
			isa = PBXSourcesBuildPhase;
			buildActionMask = 2147483647;
			files = (
				5E294236195092FB003554FC /* main.m in Sources */,
				5E29423A195092FB003554FC /* SNSAppDelegate.m in Sources */,
			);
			runOnlyForDeploymentPostprocessing = 0;
		};
		5E29423D195092FB003554FC /* Sources */ = {
			isa = PBXSourcesBuildPhase;
			buildActionMask = 2147483647;
			files = (
				5E29424F195092FB003554FC /* SNSharerTests.m in Sources */,
			);
			runOnlyForDeploymentPostprocessing = 0;
		};
/* End PBXSourcesBuildPhase section */

/* Begin PBXTargetDependency section */
		5E294247195092FB003554FC /* PBXTargetDependency */ = {
			isa = PBXTargetDependency;
			target = 5E294225195092FB003554FC /* SNSharer */;
			targetProxy = 5E294246195092FB003554FC /* PBXContainerItemProxy */;
		};
/* End PBXTargetDependency section */

/* Begin PBXVariantGroup section */
		5E294232195092FB003554FC /* InfoPlist.strings */ = {
			isa = PBXVariantGroup;
			children = (
				5E294233195092FB003554FC /* en */,
			);
			name = InfoPlist.strings;
			sourceTree = "<group>";
		};
		5E29424B195092FB003554FC /* InfoPlist.strings */ = {
			isa = PBXVariantGroup;
			children = (
				5E29424C195092FB003554FC /* en */,
			);
			name = InfoPlist.strings;
			sourceTree = "<group>";
		};
/* End PBXVariantGroup section */

/* Begin XCBuildConfiguration section */
		5E294250195092FB003554FC /* Debug */ = {
			isa = XCBuildConfiguration;
			buildSettings = {
				ALWAYS_SEARCH_USER_PATHS = NO;
				CLANG_CXX_LANGUAGE_STANDARD = "gnu++0x";
				CLANG_CXX_LIBRARY = "libc++";
				CLANG_ENABLE_MODULES = YES;
				CLANG_ENABLE_OBJC_ARC = YES;
				CLANG_WARN_BOOL_CONVERSION = YES;
				CLANG_WARN_CONSTANT_CONVERSION = YES;
				CLANG_WARN_DIRECT_OBJC_ISA_USAGE = YES_ERROR;
				CLANG_WARN_EMPTY_BODY = YES;
				CLANG_WARN_ENUM_CONVERSION = YES;
				CLANG_WARN_INT_CONVERSION = YES;
				CLANG_WARN_OBJC_ROOT_CLASS = YES_ERROR;
				CLANG_WARN__DUPLICATE_METHOD_MATCH = YES;
				"CODE_SIGN_IDENTITY[sdk=iphoneos*]" = "iPhone Developer";
				COPY_PHASE_STRIP = NO;
				GCC_C_LANGUAGE_STANDARD = gnu99;
				GCC_DYNAMIC_NO_PIC = NO;
				GCC_OPTIMIZATION_LEVEL = 0;
				GCC_PREPROCESSOR_DEFINITIONS = (
					"DEBUG=1",
					"$(inherited)",
				);
				GCC_SYMBOLS_PRIVATE_EXTERN = NO;
				GCC_WARN_64_TO_32_BIT_CONVERSION = YES;
				GCC_WARN_ABOUT_RETURN_TYPE = YES_ERROR;
				GCC_WARN_UNDECLARED_SELECTOR = YES;
				GCC_WARN_UNINITIALIZED_AUTOS = YES_AGGRESSIVE;
				GCC_WARN_UNUSED_FUNCTION = YES;
				GCC_WARN_UNUSED_VARIABLE = YES;
				IPHONEOS_DEPLOYMENT_TARGET = 7.1;
				ONLY_ACTIVE_ARCH = YES;
				SDKROOT = iphoneos;
			};
			name = Debug;
		};
		5E294251195092FB003554FC /* Release */ = {
			isa = XCBuildConfiguration;
			buildSettings = {
				ALWAYS_SEARCH_USER_PATHS = NO;
				CLANG_CXX_LANGUAGE_STANDARD = "gnu++0x";
				CLANG_CXX_LIBRARY = "libc++";
				CLANG_ENABLE_MODULES = YES;
				CLANG_ENABLE_OBJC_ARC = YES;
				CLANG_WARN_BOOL_CONVERSION = YES;
				CLANG_WARN_CONSTANT_CONVERSION = YES;
				CLANG_WARN_DIRECT_OBJC_ISA_USAGE = YES_ERROR;
				CLANG_WARN_EMPTY_BODY = YES;
				CLANG_WARN_ENUM_CONVERSION = YES;
				CLANG_WARN_INT_CONVERSION = YES;
				CLANG_WARN_OBJC_ROOT_CLASS = YES_ERROR;
				CLANG_WARN__DUPLICATE_METHOD_MATCH = YES;
				"CODE_SIGN_IDENTITY[sdk=iphoneos*]" = "iPhone Developer";
				COPY_PHASE_STRIP = YES;
				ENABLE_NS_ASSERTIONS = NO;
				GCC_C_LANGUAGE_STANDARD = gnu99;
				GCC_WARN_64_TO_32_BIT_CONVERSION = YES;
				GCC_WARN_ABOUT_RETURN_TYPE = YES_ERROR;
				GCC_WARN_UNDECLARED_SELECTOR = YES;
				GCC_WARN_UNINITIALIZED_AUTOS = YES_AGGRESSIVE;
				GCC_WARN_UNUSED_FUNCTION = YES;
				GCC_WARN_UNUSED_VARIABLE = YES;
				IPHONEOS_DEPLOYMENT_TARGET = 7.1;
				SDKROOT = iphoneos;
				VALIDATE_PRODUCT = YES;
			};
			name = Release;
		};
		5E294253195092FB003554FC /* Debug */ = {
			isa = XCBuildConfiguration;
			buildSettings = {
				ASSETCATALOG_COMPILER_APPICON_NAME = AppIcon;
				ASSETCATALOG_COMPILER_LAUNCHIMAGE_NAME = LaunchImage;
				GCC_PRECOMPILE_PREFIX_HEADER = YES;
				GCC_PREFIX_HEADER = "SNSharer/SNSharer-Prefix.pch";
				INFOPLIST_FILE = "SNSharer/SNSharer-Info.plist";
				PRODUCT_NAME = "$(TARGET_NAME)";
				WRAPPER_EXTENSION = app;
			};
			name = Debug;
		};
		5E294254195092FB003554FC /* Release */ = {
			isa = XCBuildConfiguration;
			buildSettings = {
				ASSETCATALOG_COMPILER_APPICON_NAME = AppIcon;
				ASSETCATALOG_COMPILER_LAUNCHIMAGE_NAME = LaunchImage;
				GCC_PRECOMPILE_PREFIX_HEADER = YES;
				GCC_PREFIX_HEADER = "SNSharer/SNSharer-Prefix.pch";
				INFOPLIST_FILE = "SNSharer/SNSharer-Info.plist";
				PRODUCT_NAME = "$(TARGET_NAME)";
				WRAPPER_EXTENSION = app;
			};
			name = Release;
		};
		5E294256195092FB003554FC /* Debug */ = {
			isa = XCBuildConfiguration;
			buildSettings = {
				BUNDLE_LOADER = "$(BUILT_PRODUCTS_DIR)/SNSharer.app/SNSharer";
				FRAMEWORK_SEARCH_PATHS = (
					"$(SDKROOT)/Developer/Library/Frameworks",
					"$(inherited)",
					"$(DEVELOPER_FRAMEWORKS_DIR)",
				);
				GCC_PRECOMPILE_PREFIX_HEADER = YES;
				GCC_PREFIX_HEADER = "SNSharer/SNSharer-Prefix.pch";
				GCC_PREPROCESSOR_DEFINITIONS = (
					"DEBUG=1",
					"$(inherited)",
				);
				INFOPLIST_FILE = "SNSharerTests/SNSharerTests-Info.plist";
				PRODUCT_NAME = "$(TARGET_NAME)";
				TEST_HOST = "$(BUNDLE_LOADER)";
				WRAPPER_EXTENSION = xctest;
			};
			name = Debug;
		};
		5E294257195092FB003554FC /* Release */ = {
			isa = XCBuildConfiguration;
			buildSettings = {
				BUNDLE_LOADER = "$(BUILT_PRODUCTS_DIR)/SNSharer.app/SNSharer";
				FRAMEWORK_SEARCH_PATHS = (
					"$(SDKROOT)/Developer/Library/Frameworks",
					"$(inherited)",
					"$(DEVELOPER_FRAMEWORKS_DIR)",
				);
				GCC_PRECOMPILE_PREFIX_HEADER = YES;
				GCC_PREFIX_HEADER = "SNSharer/SNSharer-Prefix.pch";
				INFOPLIST_FILE = "SNSharerTests/SNSharerTests-Info.plist";
				PRODUCT_NAME = "$(TARGET_NAME)";
				TEST_HOST = "$(BUNDLE_LOADER)";
				WRAPPER_EXTENSION = xctest;
			};
			name = Release;
		};
/* End XCBuildConfiguration section */

/* Begin XCConfigurationList section */
		5E294221195092FB003554FC /* Build configuration list for PBXProject "SNSharer" */ = {
			isa = XCConfigurationList;
			buildConfigurations = (
				5E294250195092FB003554FC /* Debug */,
				5E294251195092FB003554FC /* Release */,
			);
			defaultConfigurationIsVisible = 0;
			defaultConfigurationName = Release;
		};
		5E294252195092FB003554FC /* Build configuration list for PBXNativeTarget "SNSharer" */ = {
			isa = XCConfigurationList;
			buildConfigurations = (
				5E294253195092FB003554FC /* Debug */,
				5E294254195092FB003554FC /* Release */,
			);
			defaultConfigurationIsVisible = 0;
		};
		5E294255195092FB003554FC /* Build configuration list for PBXNativeTarget "SNSharerTests" */ = {
			isa = XCConfigurationList;
			buildConfigurations = (
				5E294256195092FB003554FC /* Debug */,
				5E294257195092FB003554FC /* Release */,
			);
			defaultConfigurationIsVisible = 0;
		};
/* End XCConfigurationList section */
	};
	rootObject = 5E29421E195092FB003554FC /* Project object */;
}
